
Microsoft Visual Studio Solution File, Format Version 12.00
# Visual Studio Version 16
VisualStudioVersion = 16.0.32929.386
MinimumVisualStudioVersion = 10.0.40219.1
Project("{FAE04EC0-301F-11D3-BF4B-00C04F79EFBC}") = "Lab 21", "Lab 21\Lab 21.csproj", "{6F9CA1BD-3BCE-448C-8034-50B23C804F9E}"
EndProject
Global
	GlobalSection(SolutionConfigurationPlatforms) = preSolution
		Debug|Any CPU = Debug|Any CPU
		Release|Any CPU = Release|Any CPU
	EndGlobalSection
	GlobalSection(ProjectConfigurationPlatforms) = postSolution
		{6F9CA1BD-3BCE-448C-8034-50B23C804F9E}.Debug|Any CPU.ActiveCfg = Debug|Any CPU
		{6F9CA1BD-3BCE-448C-8034-50B23C804F9E}.Debug|Any CPU.Build.0 = Debug|Any CPU
		{6F9CA1BD-3BCE-448C-8034-50B23C804F9E}.Release|Any CPU.ActiveCfg = Release|Any CPU
		{6F9CA1BD-3BCE-448C-8034-50B23C804F9E}.Release|Any CPU.Build.0 = Release|Any CPU
	EndGlobalSection
	GlobalSection(SolutionProperties) = preSolution
		HideSolutionNode = FALSE
	EndGlobalSection
	GlobalSection(ExtensibilityGlobals) = postSolution
		SolutionGuid = {B18A4D7C-EDED-4A7F-88AA-B53C62B377C2}
	EndGlobalSection
EndGlobal
